
Microsoft Visual Studio Solution File, Format Version 12.00
# Visual Studio Version 17
VisualStudioVersion = 17.7.34202.233
MinimumVisualStudioVersion = 10.0.40219.1
Project("{9A19103F-16F7-4668-BE54-9A1E7A4F7556}") = "eComShop.Application", "eComShop.Application\eComShop.Application.csproj", "{2A2C0A83-10D4-466D-957A-DD380210C56D}"
EndProject
Project("{9A19103F-16F7-4668-BE54-9A1E7A4F7556}") = "eComShop.Tests", "eComShop.Tests\eComShop.Tests.csproj", "{EED66FA2-0552-4AE7-976A-12B04D9464F5}"
EndProject
Project("{9A19103F-16F7-4668-BE54-9A1E7A4F7556}") = "eComShop.Persistence", "eComShop.Persistence\eComShop.Persistence.csproj", "{B4D59365-658D-491B-8246-82B60ECFA966}"
EndProject
Project("{9A19103F-16F7-4668-BE54-9A1E7A4F7556}") = "eComShop.Infrastructure", "eComShop.Infrastructure\eComShop.Infrastructure\eComShop.Infrastructure.csproj", "{0BA0A7B0-460D-4B8D-93C5-C8B04C57E9E0}"
EndProject
Project("{9A19103F-16F7-4668-BE54-9A1E7A4F7556}") = "eComShop.Domain", "eComShop.Domain\eComShop.Domain.csproj", "{016AD1C1-EF4E-4390-A28C-4E348A66C42B}"
EndProject
Project("{2150E333-8FDC-42A3-9474-1A3956D46DE8}") = "Core", "Core", "{E47F5B82-8885-4CE8-9333-23FD7C13C4EA}"
EndProject
Project("{2150E333-8FDC-42A3-9474-1A3956D46DE8}") = "TestCases", "TestCases", "{4576D0B4-6D05-4B49-98E8-AC03440119AC}"
EndProject
Project("{2150E333-8FDC-42A3-9474-1A3956D46DE8}") = "Microservices", "Microservices", "{FB0E0E5A-6DDD-436F-8828-D762F96A7E9F}"
EndProject
Project("{9A19103F-16F7-4668-BE54-9A1E7A4F7556}") = "eComShop.CategoryAPI", "eComShop.CategoryAPI\eComShop.CategoryAPI.csproj", "{218E8862-1960-4CA1-BAD1-1E5F33882777}"
EndProject
Project("{9A19103F-16F7-4668-BE54-9A1E7A4F7556}") = "eComShop.CustomerAPI", "eComShop.CustomerAPI\eComShop.CustomerAPI.csproj", "{23E5CFF7-649F-4AC2-BB29-31E47967C0DA}"
EndProject
Project("{9A19103F-16F7-4668-BE54-9A1E7A4F7556}") = "eComShop.OrderAPI", "eComShop.OrderAPI\eComShop.OrderAPI.csproj", "{A625A1E6-5AD1-4D8B-A530-A8ECEE715865}"
EndProject
Project("{9A19103F-16F7-4668-BE54-9A1E7A4F7556}") = "eComShop.ProductAPI", "eComShop.ProductAPI\eComShop.ProductAPI.csproj", "{5D74BDE9-CDF5-4D8A-8C5E-8AD821FADD99}"
EndProject
Project("{2150E333-8FDC-42A3-9474-1A3956D46DE8}") = "UI", "UI", "{7F30ECFD-D73E-4D7F-858D-34E2F125E3EF}"
EndProject
Project("{2150E333-8FDC-42A3-9474-1A3956D46DE8}") = "APIGateway", "APIGateway", "{D68AB3F2-0AF2-42BA-ACB6-94E1C95F136E}"
EndProject
Project("{9A19103F-16F7-4668-BE54-9A1E7A4F7556}") = "APIGateway", "APIGateway\APIGateway.csproj", "{7317F622-0CA1-4F54-991B-D28D4A0888E6}"
EndProject
Global
	GlobalSection(SolutionConfigurationPlatforms) = preSolution
		Debug|Any CPU = Debug|Any CPU
		Release|Any CPU = Release|Any CPU
	EndGlobalSection
	GlobalSection(ProjectConfigurationPlatforms) = postSolution
		{2A2C0A83-10D4-466D-957A-DD380210C56D}.Debug|Any CPU.ActiveCfg = Debug|Any CPU
		{2A2C0A83-10D4-466D-957A-DD380210C56D}.Debug|Any CPU.Build.0 = Debug|Any CPU
		{2A2C0A83-10D4-466D-957A-DD380210C56D}.Release|Any CPU.ActiveCfg = Release|Any CPU
		{2A2C0A83-10D4-466D-957A-DD380210C56D}.Release|Any CPU.Build.0 = Release|Any CPU
		{EED66FA2-0552-4AE7-976A-12B04D9464F5}.Debug|Any CPU.ActiveCfg = Debug|Any CPU
		{EED66FA2-0552-4AE7-976A-12B04D9464F5}.Debug|Any CPU.Build.0 = Debug|Any CPU
		{EED66FA2-0552-4AE7-976A-12B04D9464F5}.Release|Any CPU.ActiveCfg = Release|Any CPU
		{EED66FA2-0552-4AE7-976A-12B04D9464F5}.Release|Any CPU.Build.0 = Release|Any CPU
		{B4D59365-658D-491B-8246-82B60ECFA966}.Debug|Any CPU.ActiveCfg = Debug|Any CPU
		{B4D59365-658D-491B-8246-82B60ECFA966}.Debug|Any CPU.Build.0 = Debug|Any CPU
		{B4D59365-658D-491B-8246-82B60ECFA966}.Release|Any CPU.ActiveCfg = Release|Any CPU
		{B4D59365-658D-491B-8246-82B60ECFA966}.Release|Any CPU.Build.0 = Release|Any CPU
		{0BA0A7B0-460D-4B8D-93C5-C8B04C57E9E0}.Debug|Any CPU.ActiveCfg = Debug|Any CPU
		{0BA0A7B0-460D-4B8D-93C5-C8B04C57E9E0}.Debug|Any CPU.Build.0 = Debug|Any CPU
		{0BA0A7B0-460D-4B8D-93C5-C8B04C57E9E0}.Release|Any CPU.ActiveCfg = Release|Any CPU
		{0BA0A7B0-460D-4B8D-93C5-C8B04C57E9E0}.Release|Any CPU.Build.0 = Release|Any CPU
		{016AD1C1-EF4E-4390-A28C-4E348A66C42B}.Debug|Any CPU.ActiveCfg = Debug|Any CPU
		{016AD1C1-EF4E-4390-A28C-4E348A66C42B}.Debug|Any CPU.Build.0 = Debug|Any CPU
		{016AD1C1-EF4E-4390-A28C-4E348A66C42B}.Release|Any CPU.ActiveCfg = Release|Any CPU
		{016AD1C1-EF4E-4390-A28C-4E348A66C42B}.Release|Any CPU.Build.0 = Release|Any CPU
		{218E8862-1960-4CA1-BAD1-1E5F33882777}.Debug|Any CPU.ActiveCfg = Debug|Any CPU
		{218E8862-1960-4CA1-BAD1-1E5F33882777}.Debug|Any CPU.Build.0 = Debug|Any CPU
		{218E8862-1960-4CA1-BAD1-1E5F33882777}.Release|Any CPU.ActiveCfg = Release|Any CPU
		{218E8862-1960-4CA1-BAD1-1E5F33882777}.Release|Any CPU.Build.0 = Release|Any CPU
		{23E5CFF7-649F-4AC2-BB29-31E47967C0DA}.Debug|Any CPU.ActiveCfg = Debug|Any CPU
		{23E5CFF7-649F-4AC2-BB29-31E47967C0DA}.Debug|Any CPU.Build.0 = Debug|Any CPU
		{23E5CFF7-649F-4AC2-BB29-31E47967C0DA}.Release|Any CPU.ActiveCfg = Release|Any CPU
		{23E5CFF7-649F-4AC2-BB29-31E47967C0DA}.Release|Any CPU.Build.0 = Release|Any CPU
		{A625A1E6-5AD1-4D8B-A530-A8ECEE715865}.Debug|Any CPU.ActiveCfg = Debug|Any CPU
		{A625A1E6-5AD1-4D8B-A530-A8ECEE715865}.Debug|Any CPU.Build.0 = Debug|Any CPU
		{A625A1E6-5AD1-4D8B-A530-A8ECEE715865}.Release|Any CPU.ActiveCfg = Release|Any CPU
		{A625A1E6-5AD1-4D8B-A530-A8ECEE715865}.Release|Any CPU.Build.0 = Release|Any CPU
		{5D74BDE9-CDF5-4D8A-8C5E-8AD821FADD99}.Debug|Any CPU.ActiveCfg = Debug|Any CPU
		{5D74BDE9-CDF5-4D8A-8C5E-8AD821FADD99}.Debug|Any CPU.Build.0 = Debug|Any CPU
		{5D74BDE9-CDF5-4D8A-8C5E-8AD821FADD99}.Release|Any CPU.ActiveCfg = Release|Any CPU
		{5D74BDE9-CDF5-4D8A-8C5E-8AD821FADD99}.Release|Any CPU.Build.0 = Release|Any CPU
		{7317F622-0CA1-4F54-991B-D28D4A0888E6}.Debug|Any CPU.ActiveCfg = Debug|Any CPU
		{7317F622-0CA1-4F54-991B-D28D4A0888E6}.Debug|Any CPU.Build.0 = Debug|Any CPU
		{7317F622-0CA1-4F54-991B-D28D4A0888E6}.Release|Any CPU.ActiveCfg = Release|Any CPU
		{7317F622-0CA1-4F54-991B-D28D4A0888E6}.Release|Any CPU.Build.0 = Release|Any CPU
	EndGlobalSection
	GlobalSection(SolutionProperties) = preSolution
		HideSolutionNode = FALSE
	EndGlobalSection
	GlobalSection(NestedProjects) = preSolution
		{2A2C0A83-10D4-466D-957A-DD380210C56D} = {E47F5B82-8885-4CE8-9333-23FD7C13C4EA}
		{EED66FA2-0552-4AE7-976A-12B04D9464F5} = {4576D0B4-6D05-4B49-98E8-AC03440119AC}
		{B4D59365-658D-491B-8246-82B60ECFA966} = {E47F5B82-8885-4CE8-9333-23FD7C13C4EA}
		{0BA0A7B0-460D-4B8D-93C5-C8B04C57E9E0} = {E47F5B82-8885-4CE8-9333-23FD7C13C4EA}
		{016AD1C1-EF4E-4390-A28C-4E348A66C42B} = {E47F5B82-8885-4CE8-9333-23FD7C13C4EA}
		{218E8862-1960-4CA1-BAD1-1E5F33882777} = {FB0E0E5A-6DDD-436F-8828-D762F96A7E9F}
		{23E5CFF7-649F-4AC2-BB29-31E47967C0DA} = {FB0E0E5A-6DDD-436F-8828-D762F96A7E9F}
		{A625A1E6-5AD1-4D8B-A530-A8ECEE715865} = {FB0E0E5A-6DDD-436F-8828-D762F96A7E9F}
		{5D74BDE9-CDF5-4D8A-8C5E-8AD821FADD99} = {FB0E0E5A-6DDD-436F-8828-D762F96A7E9F}
		{D68AB3F2-0AF2-42BA-ACB6-94E1C95F136E} = {FB0E0E5A-6DDD-436F-8828-D762F96A7E9F}
		{7317F622-0CA1-4F54-991B-D28D4A0888E6} = {D68AB3F2-0AF2-42BA-ACB6-94E1C95F136E}
	EndGlobalSection
	GlobalSection(ExtensibilityGlobals) = postSolution
		SolutionGuid = {A8224516-90B0-40CF-9798-3DFF1435667F}
	EndGlobalSection
EndGlobal
